PODS:
  - connectivity (0.0.1):
    - Flutter
    - Reachability
  - Firebase/Auth (8.3.0):
    - Firebase/CoreOnly
    - FirebaseAuth (~> 8.3.0)
  - Firebase/CoreOnly (8.3.0):
    - FirebaseCore (= 8.3.0)
  - Firebase/Database (8.3.0):
    - Firebase/CoreOnly
    - FirebaseDatabase (~> 8.3.0)
  - Firebase/Storage (8.3.0):
    - Firebase/CoreOnly
    - FirebaseStorage (~> 8.3.0)
  - firebase_auth (3.0.1):
    - Firebase/Auth (= 8.3.0)
    - firebase_core
    - Flutter
  - firebase_core (1.4.0):
    - Firebase/CoreOnly (= 8.3.0)
    - Flutter
  - firebase_database (7.1.2):
    - Firebase/Database (= 8.3.0)
    - firebase_core
    - Flutter
  - firebase_storage (10.0.1):
    - Firebase/Storage (= 8.3.0)
    - firebase_core
    - Flutter
  - FirebaseAuth (8.3.0):
    - FirebaseCore (~> 8.0)
    - GoogleUtilities/AppDelegateSwizzler (~> 7.4)
    - GoogleUtilities/Environment (~> 7.4)
    - GTMSessionFetcher/Core (~> 1.5)
  - FirebaseCore (8.3.0):
    - FirebaseCoreDiagnostics (~> 8.0)
    - GoogleUtilities/Environment (~> 7.4)
    - GoogleUtilities/Logger (~> 7.4)
  - FirebaseCoreDiagnostics (8.4.0):
    - GoogleDataTransport (~> 9.0)
    - GoogleUtilities/Environment (~> 7.4)
    - GoogleUtilities/Logger (~> 7.4)
    - nanopb (~> 2.30908.0)
  - FirebaseDatabase (8.3.0):
    - FirebaseCore (~> 8.0)
    - leveldb-library (~> 1.22)
  - FirebaseStorage (8.3.0):
    - FirebaseCore (~> 8.0)
    - GTMSessionFetcher/Core (~> 1.5)
  - Flutter (1.0.0)
  - GoogleDataTransport (9.1.0):
    - GoogleUtilities/Environment (~> 7.2)
    - nanopb (~> 2.30908.0)
    - PromisesObjC (< 3.0, >= 1.2)
  - GoogleUtilities/AppDelegateSwizzler (7.5.0):
    - GoogleUtilities/Environment
    - GoogleUtilities/Logger
    - GoogleUtilities/Network
  - GoogleUtilities/Environment (7.5.0):
    - PromisesObjC (< 3.0, >= 1.2)
  - GoogleUtilities/Logger (7.5.0):
    - GoogleUtilities/Environment
  - GoogleUtilities/Network (7.5.0):
    - GoogleUtilities/Logger
    - "GoogleUtilities/NSData+zlib"
    - GoogleUtilities/Reachability
  - "GoogleUtilities/NSData+zlib (7.5.0)"
  - GoogleUtilities/Reachability (7.5.0):
    - GoogleUtilities/Logger
  - GTMSessionFetcher/Core (1.6.1)
  - image_picker (0.0.1):
    - Flutter
  - leveldb-library (1.22.1)
  - nanopb (2.30908.0):
    - nanopb/decode (= 2.30908.0)
    - nanopb/encode (= 2.30908.0)
  - nanopb/decode (2.30908.0)
  - nanopb/encode (2.30908.0)
  - PromisesObjC (2.0.0)
  - Reachability (3.2)
  - shared_preferences (0.0.1):
    - Flutter

DEPENDENCIES:
  - connectivity (from `.symlinks/plugins/connectivity/ios`)
  - firebase_auth (from `.symlinks/plugins/firebase_auth/ios`)
  - firebase_core (from `.symlinks/plugins/firebase_core/ios`)
  - firebase_database (from `.symlinks/plugins/firebase_database/ios`)
  - firebase_storage (from `.symlinks/plugins/firebase_storage/ios`)
  - Flutter (from `Flutter`)
  - image_picker (from `.symlinks/plugins/image_picker/ios`)
  - shared_preferences (from `.symlinks/plugins/shared_preferences/ios`)

SPEC REPOS:
  trunk:
    - Firebase
    - FirebaseAuth
    - FirebaseCore
    - FirebaseCoreDiagnostics
    - FirebaseDatabase
    - FirebaseStorage
    - GoogleDataTransport
    - GoogleUtilities
    - GTMSessionFetcher
    - leveldb-library
    - nanopb
    - PromisesObjC
    - Reachability

EXTERNAL SOURCES:
  connectivity:
    :path: ".symlinks/plugins/connectivity/ios"
  firebase_auth:
    :path: ".symlinks/plugins/firebase_auth/ios"
  firebase_core:
    :path: ".symlinks/plugins/firebase_core/ios"
  firebase_database:
    :path: ".symlinks/plugins/firebase_database/ios"
  firebase_storage:
    :path: ".symlinks/plugins/firebase_storage/ios"
  Flutter:
    :path: Flutter
  image_picker:
    :path: ".symlinks/plugins/image_picker/ios"
  shared_preferences:
    :path: ".symlinks/plugins/shared_preferences/ios"

SPEC CHECKSUMS:
  connectivity: c4130b2985d4ef6fd26f9702e886bd5260681467
  Firebase: 676d38f72a73842699c067c657c41eabf0ace4b7
  firebase_auth: 3b08d67bda60758347d15584fd0a7a4cf5f6496f
  firebase_core: 72374607c8c6f5a0adc0559e5c5bf57deda975e3
  firebase_database: 27de7affa8b73e25afe25ee7ec18e3216d8d279c
  firebase_storage: 0569941c22a1362f682ebef93755d8916601d22f
  FirebaseAuth: e5277a23f6a4110ba35cbf8dbe9e2a970d2888f2
  FirebaseCore: 04eb910476b4152ba15fbe3d9b5abcdf5942e4b8
  FirebaseCoreDiagnostics: 0e22a91849e4abc0f93355ae9f940a3834546500
  FirebaseDatabase: d110e120aa89c84c498b77dc9884d85ae0ca7f16
  FirebaseStorage: 57f5438ea93f7e4a42a1e2fff715aa92f0ef091a
  Flutter: 434fef37c0980e73bb6479ef766c45957d4b510c
  GoogleDataTransport: 3e60aaa0f854ea9de915deb609c215fa7585a842
  GoogleUtilities: 17d7e9098e1af503af94fa51e541a1711e2928c5
  GTMSessionFetcher: ac571f62511f6e9228b2704683fd8082762b9ef0
  image_picker: e06f7a68f000bd36f552c1847e33cda96ed31f1f
  leveldb-library: dfb8c69eb624316960b5a55b6d950e8f904d8dd0
  nanopb: 593d087e93a44176893888d3d21bf2c4e845e853
  PromisesObjC: f439dad68fa4d1615c1c75645bb6d288e83f29cc
  Reachability: aa197ff14f77f486c350badb77f64dbbb3f9da77
  shared_preferences: af6bfa751691cdc24be3045c43ec037377ada40d

PODFILE CHECKSUM: fe0e1ee7f3d1f7d00b11b474b62dd62134535aea

COCOAPODS: 1.10.1
